lockfileVersion: '9.0'

settings:
  autoInstallPeers: true
  excludeLinksFromLockfile: false

importers:

  .:
    dependencies:
      '@strapi/plugin-email':
        specifier: 4.24.6
        version: 4.24.6
      '@strapi/plugin-graphql':
        specifier: 4.24.6
        version: 4.24.6
      '@strapi/plugin-i18n':
        specifier: 4.24.6
        version: 4.24.6
      '@strapi/plugin-upload':
        specifier: 4.24.6
        version: 4.24.6
      '@strapi/plugin-users-permissions':
        specifier: 4.24.6
        version: 4.24.6
      '@strapi/provider-email-smtp':
        specifier: file:./providers/@strapi/provider-email-smtp
        version: file:./providers/@strapi/provider-email-smtp
      '@strapi/strapi':
        specifier: 4.24.6
        version: 4.24.6
      '@strapi/types':
        specifier: 4.24.6
        version: 4.24.6
      better-sqlite3:
        specifier: 12.4.1
        version: 12.4.1
      date-fns:
        specifier: 3.6.0
        version: 3.6.0
      pg:
        specifier: 8.13.1
        version: 8.13.1
      react:
        specifier: 18.2.0
        version: 18.2.0
      react-dom:
        specifier: 18.2.0
        version: 18.2.0
      react-router-dom:
        specifier: 6.26.2
        version: 6.26.2
      sqlite3:
        specifier: 5.1.7
        version: 5.1.7
      styled-components:
        specifier: 5.3.11
        version: 5.3.11
    devDependencies:
      '@strapi/typescript-utils':
        specifier: 4.24.6
        version: 4.24.6
      '@types/node':
        specifier: 20.14.11
        version: 20.14.11
      eslint:
        specifier: 8.57.1
        version: 8.57.1
      eslint-config-prettier:
        specifier: 9.1.0
        version: 9.1.0
      eslint-plugin-prettier:
        specifier: 5.2.1
        version: 5.2.1
      prettier:
        specifier: 3.3.3
        version: 3.3.3
      ts-node:
        specifier: 10.9.2
        version: 10.9.2
      typescript:
        specifier: 5.5.4
        version: 5.5.4

packages: {}
